
Microsoft Visual Studio Solution File, Format Version 12.00
# Visual Studio Version 17
VisualStudioVersion = 17.9.34622.214
MinimumVisualStudioVersion = 10.0.40219.1
Project("{FAE04EC0-301F-11D3-BF4B-00C04F79EFBC}") = "Manager.Share", "Manager.Share\Manager.Share.csproj", "{605CF018-7A7F-4584-A572-1455B1219414}"
EndProject
Project("{FAE04EC0-301F-11D3-BF4B-00C04F79EFBC}") = "Manager.API", "Manager.API\Manager.API.csproj", "{6272EE10-1B1A-4A7D-B075-83628F17660A}"
EndProject
Project("{FAE04EC0-301F-11D3-BF4B-00C04F79EFBC}") = "Manager.WEB", "Manager.WEB\Manager.WEB.csproj", "{5E4CD877-E9F1-4B8A-9015-600F81A5B9A2}"
EndProject
Global
	GlobalSection(SolutionConfigurationPlatforms) = preSolution
		Debug|Any CPU = Debug|Any CPU
		Release|Any CPU = Release|Any CPU
	EndGlobalSection
	GlobalSection(ProjectConfigurationPlatforms) = postSolution
		{605CF018-7A7F-4584-A572-1455B1219414}.Debug|Any CPU.ActiveCfg = Debug|Any CPU
		{605CF018-7A7F-4584-A572-1455B1219414}.Debug|Any CPU.Build.0 = Debug|Any CPU
		{605CF018-7A7F-4584-A572-1455B1219414}.Release|Any CPU.ActiveCfg = Release|Any CPU
		{605CF018-7A7F-4584-A572-1455B1219414}.Release|Any CPU.Build.0 = Release|Any CPU
		{6272EE10-1B1A-4A7D-B075-83628F17660A}.Debug|Any CPU.ActiveCfg = Debug|Any CPU
		{6272EE10-1B1A-4A7D-B075-83628F17660A}.Debug|Any CPU.Build.0 = Debug|Any CPU
		{6272EE10-1B1A-4A7D-B075-83628F17660A}.Release|Any CPU.ActiveCfg = Release|Any CPU
		{6272EE10-1B1A-4A7D-B075-83628F17660A}.Release|Any CPU.Build.0 = Release|Any CPU
		{5E4CD877-E9F1-4B8A-9015-600F81A5B9A2}.Debug|Any CPU.ActiveCfg = Debug|Any CPU
		{5E4CD877-E9F1-4B8A-9015-600F81A5B9A2}.Debug|Any CPU.Build.0 = Debug|Any CPU
		{5E4CD877-E9F1-4B8A-9015-600F81A5B9A2}.Release|Any CPU.ActiveCfg = Release|Any CPU
		{5E4CD877-E9F1-4B8A-9015-600F81A5B9A2}.Release|Any CPU.Build.0 = Release|Any CPU
	EndGlobalSection
	GlobalSection(SolutionProperties) = preSolution
		HideSolutionNode = FALSE
	EndGlobalSection
	GlobalSection(ExtensibilityGlobals) = postSolution
		SolutionGuid = {3B822464-4312-492D-8E62-0F9186A97FB6}
	EndGlobalSection
EndGlobal
